// !$*UTF8*$!
{
	archiveVersion = 1;
	classes = {
	};
	objectVersion = 56;
	objects = {

/* Begin PBXBuildFile section */
		8F2AFBCF2AFD6A4E009EEABE /* aulaDocCApp.swift in Sources */ = {isa = PBXBuildFile; fileRef = 8F2AFBCE2AFD6A4E009EEABE /* aulaDocCApp.swift */; };
		8F2AFBD32AFD6A4F009EEABE /* Assets.xcassets in Resources */ = {isa = PBXBuildFile; fileRef = 8F2AFBD22AFD6A4F009EEABE /* Assets.xcassets */; };
		8F2AFBD62AFD6A4F009EEABE /* Preview Assets.xcassets in Resources */ = {isa = PBXBuildFile; fileRef = 8F2AFBD52AFD6A4F009EEABE /* Preview Assets.xcassets */; };
		8F2AFBDD2AFD6DEE009EEABE /* ButtonView.swift in Sources */ = {isa = PBXBuildFile; fileRef = 8F2AFBDC2AFD6DEE009EEABE /* ButtonView.swift */; };
		8F2AFBDF2AFD70C2009EEABE /* ColorEnum.swift in Sources */ = {isa = PBXBuildFile; fileRef = 8F2AFBDE2AFD70C2009EEABE /* ColorEnum.swift */; };
		8F2AFBE12AFD78C2009EEABE /* HomeView.swift in Sources */ = {isa = PBXBuildFile; fileRef = 8F2AFBE02AFD78C2009EEABE /* HomeView.swift */; };
		8F2AFBE32AFD78CC009EEABE /* ModeloCard.swift in Sources */ = {isa = PBXBuildFile; fileRef = 8F2AFBE22AFD78CC009EEABE /* ModeloCard.swift */; };
/* End PBXBuildFile section */

/* Begin PBXFileReference section */
		8F2AFBCB2AFD6A4E009EEABE /* aulaDocC.app */ = {isa = PBXFileReference; explicitFileType = wrapper.application; includeInIndex = 0; path = aulaDocC.app; sourceTree = BUILT_PRODUCTS_DIR; };
		8F2AFBCE2AFD6A4E009EEABE /* aulaDocCApp.swift */ = {isa = PBXFileReference; lastKnownFileType = sourcecode.swift; path = aulaDocCApp.swift; sourceTree = "<group>"; };
		8F2AFBD22AFD6A4F009EEABE /* Assets.xcassets */ = {isa = PBXFileReference; lastKnownFileType = folder.assetcatalog; path = Assets.xcassets; sourceTree = "<group>"; };
		8F2AFBD52AFD6A4F009EEABE /* Preview Assets.xcassets */ = {isa = PBXFileReference; lastKnownFileType = folder.assetcatalog; path = "Preview Assets.xcassets"; sourceTree = "<group>"; };
		8F2AFBDC2AFD6DEE009EEABE /* ButtonView.swift */ = {isa = PBXFileReference; lastKnownFileType = sourcecode.swift; path = ButtonView.swift; sourceTree = "<group>"; };
		8F2AFBDE2AFD70C2009EEABE /* ColorEnum.swift */ = {isa = PBXFileReference; lastKnownFileType = sourcecode.swift; path = ColorEnum.swift; sourceTree = "<group>"; };
		8F2AFBE02AFD78C2009EEABE /* HomeView.swift */ = {isa = PBXFileReference; lastKnownFileType = sourcecode.swift; path = HomeView.swift; sourceTree = "<group>"; };
		8F2AFBE22AFD78CC009EEABE /* ModeloCard.swift */ = {isa = PBXFileReference; lastKnownFileType = sourcecode.swift; path = ModeloCard.swift; sourceTree = "<group>"; };
/* End PBXFileReference section */

/* Begin PBXFrameworksBuildPhase section */
		8F2AFBC82AFD6A4E009EEABE /* Frameworks */ = {
			isa = PBXFrameworksBuildPhase;
			buildActionMask = 2147483647;
			files = (
			);
			runOnlyForDeploymentPostprocessing = 0;
		};
/* End PBXFrameworksBuildPhase section */

/* Begin PBXGroup section */
		8F2AFBC22AFD6A4E009EEABE = {
			isa = PBXGroup;
			children = (
				8F2AFBCD2AFD6A4E009EEABE /* aulaDocC */,
				8F2AFBCC2AFD6A4E009EEABE /* Products */,
			);
			sourceTree = "<group>";
		};
		8F2AFBCC2AFD6A4E009EEABE /* Products */ = {
			isa = PBXGroup;
			children = (
				8F2AFBCB2AFD6A4E009EEABE /* aulaDocC.app */,
			);
			name = Products;
			sourceTree = "<group>";
		};
		8F2AFBCD2AFD6A4E009EEABE /* aulaDocC */ = {
			isa = PBXGroup;
			children = (
				8F2AFBCE2AFD6A4E009EEABE /* aulaDocCApp.swift */,
				8F2AFBD22AFD6A4F009EEABE /* Assets.xcassets */,
				8F2AFBD42AFD6A4F009EEABE /* Preview Content */,
				8F2AFBDC2AFD6DEE009EEABE /* ButtonView.swift */,
				8F2AFBDE2AFD70C2009EEABE /* ColorEnum.swift */,
				8F2AFBE02AFD78C2009EEABE /* HomeView.swift */,
				8F2AFBE22AFD78CC009EEABE /* ModeloCard.swift */,
			);
			path = aulaDocC;
			sourceTree = "<group>";
		};
		8F2AFBD42AFD6A4F009EEABE /* Preview Content */ = {
			isa = PBXGroup;
			children = (
				8F2AFBD52AFD6A4F009EEABE /* Preview Assets.xcassets */,
			);
			path = "Preview Content";
			sourceTree = "<group>";
		};
/* End PBXGroup section */

/* Begin PBXNativeTarget section */
		8F2AFBCA2AFD6A4E009EEABE /* aulaDocC */ = {
			isa = PBXNativeTarget;
			buildConfigurationList = 8F2AFBD92AFD6A4F009EEABE /* Build configuration list for PBXNativeTarget "aulaDocC" */;
			buildPhases = (
				8F2AFBC72AFD6A4E009EEABE /* Sources */,
				8F2AFBC82AFD6A4E009EEABE /* Frameworks */,
				8F2AFBC92AFD6A4E009EEABE /* Resources */,
			);
			buildRules = (
			);
			dependencies = (
			);
			name = aulaDocC;
			productName = aulaDocC;
			productReference = 8F2AFBCB2AFD6A4E009EEABE /* aulaDocC.app */;
			productType = "com.apple.product-type.application";
		};
/* End PBXNativeTarget section */

/* Begin PBXProject section */
		8F2AFBC32AFD6A4E009EEABE /* Project object */ = {
			isa = PBXProject;
			attributes = {
				BuildIndependentTargetsInParallel = 1;
				LastSwiftUpdateCheck = 1500;
				LastUpgradeCheck = 1500;
				TargetAttributes = {
					8F2AFBCA2AFD6A4E009EEABE = {
						CreatedOnToolsVersion = 15.0.1;
					};
				};
			};
			buildConfigurationList = 8F2AFBC62AFD6A4E009EEABE /* Build configuration list for PBXProject "aulaDocC" */;
			compatibilityVersion = "Xcode 14.0";
			developmentRegion = en;
			hasScannedForEncodings = 0;
			knownRegions = (
				en,
				Base,
			);
			mainGroup = 8F2AFBC22AFD6A4E009EEABE;
			productRefGroup = 8F2AFBCC2AFD6A4E009EEABE /* Products */;
			projectDirPath = "";
			projectRoot = "";
			targets = (
				8F2AFBCA2AFD6A4E009EEABE /* aulaDocC */,
			);
		};
/* End PBXProject section */

/* Begin PBXResourcesBuildPhase section */
		8F2AFBC92AFD6A4E009EEABE /* Resources */ = {
			isa = PBXResourcesBuildPhase;
			buildActionMask = 2147483647;
			files = (
				8F2AFBD62AFD6A4F009EEABE /* Preview Assets.xcassets in Resources */,
				8F2AFBD32AFD6A4F009EEABE /* Assets.xcassets in Resources */,
			);
			runOnlyForDeploymentPostprocessing = 0;
		};
/* End PBXResourcesBuildPhase section */

/* Begin PBXSourcesBuildPhase section */
		8F2AFBC72AFD6A4E009EEABE /* Sources */ = {
			isa = PBXSourcesBuildPhase;
			buildActionMask = 2147483647;
			files = (
				8F2AFBCF2AFD6A4E009EEABE /* aulaDocCApp.swift in Sources */,
				8F2AFBDF2AFD70C2009EEABE /* ColorEnum.swift in Sources */,
				8F2AFBE32AFD78CC009EEABE /* ModeloCard.swift in Sources */,
				8F2AFBE12AFD78C2009EEABE /* HomeView.swift in Sources */,
				8F2AFBDD2AFD6DEE009EEABE /* ButtonView.swift in Sources */,
			);
			runOnlyForDeploymentPostprocessing = 0;
		};
/* End PBXSourcesBuildPhase section */

/* Begin XCBuildConfiguration section */
		8F2AFBD72AFD6A4F009EEABE /* Debug */ = {
			isa = XCBuildConfiguration;
			buildSettings = {
				ALWAYS_SEARCH_USER_PATHS = NO;
				ASSETCATALOG_COMPILER_GENERATE_SWIFT_ASSET_SYMBOL_EXTENSIONS = YES;
				CLANG_ANALYZER_NONNULL = YES;
				CLANG_ANALYZER_NUMBER_OBJECT_CONVERSION = YES_AGGRESSIVE;
				CLANG_CXX_LANGUAGE_STANDARD = "gnu++20";
				CLANG_ENABLE_MODULES = YES;
				CLANG_ENABLE_OBJC_ARC = YES;
				CLANG_ENABLE_OBJC_WEAK = YES;
				CLANG_WARN_BLOCK_CAPTURE_AUTORELEASING = YES;
				CLANG_WARN_BOOL_CONVERSION = YES;
				CLANG_WARN_COMMA = YES;
				CLANG_WARN_CONSTANT_CONVERSION = YES;
				CLANG_WARN_DEPRECATED_OBJC_IMPLEMENTATIONS = YES;
				CLANG_WARN_DIRECT_OBJC_ISA_USAGE = YES_ERROR;
				CLANG_WARN_DOCUMENTATION_COMMENTS = YES;
				CLANG_WARN_EMPTY_BODY = YES;
				CLANG_WARN_ENUM_CONVERSION = YES;
				CLANG_WARN_INFINITE_RECURSION = YES;
				CLANG_WARN_INT_CONVERSION = YES;
				CLANG_WARN_NON_LITERAL_NULL_CONVERSION = YES;
				CLANG_WARN_OBJC_IMPLICIT_RETAIN_SELF = YES;
				CLANG_WARN_OBJC_LITERAL_CONVERSION = YES;
				CLANG_WARN_OBJC_ROOT_CLASS = YES_ERROR;
				CLANG_WARN_QUOTED_INCLUDE_IN_FRAMEWORK_HEADER = YES;
				CLANG_WARN_RANGE_LOOP_ANALYSIS = YES;
				CLANG_WARN_STRICT_PROTOTYPES = YES;
				CLANG_WARN_SUSPICIOUS_MOVE = YES;
				CLANG_WARN_UNGUARDED_AVAILABILITY = YES_AGGRESSIVE;
				CLANG_WARN_UNREACHABLE_CODE = YES;
				CLANG_WARN__DUPLICATE_METHOD_MATCH = YES;
				COPY_PHASE_STRIP = NO;
				DEBUG_INFORMATION_FORMAT = dwarf;
				ENABLE_STRICT_OBJC_MSGSEND = YES;
				ENABLE_TESTABILITY = YES;
				ENABLE_USER_SCRIPT_SANDBOXING = YES;
				GCC_C_LANGUAGE_STANDARD = gnu17;
				GCC_DYNAMIC_NO_PIC = NO;
				GCC_NO_COMMON_BLOCKS = YES;
				GCC_OPTIMIZATION_LEVEL = 0;
				GCC_PREPROCESSOR_DEFINITIONS = (
					"DEBUG=1",
					"$(inherited)",
				);
				GCC_WARN_64_TO_32_BIT_CONVERSION = YES;
				GCC_WARN_ABOUT_RETURN_TYPE = YES_ERROR;
				GCC_WARN_UNDECLARED_SELECTOR = YES;
				GCC_WARN_UNINITIALIZED_AUTOS = YES_AGGRESSIVE;
				GCC_WARN_UNUSED_FUNCTION = YES;
				GCC_WARN_UNUSED_VARIABLE = YES;
				IPHONEOS_DEPLOYMENT_TARGET = 17.0;
				LOCALIZATION_PREFERS_STRING_CATALOGS = YES;
				MTL_ENABLE_DEBUG_INFO = INCLUDE_SOURCE;
				MTL_FAST_MATH = YES;
				ONLY_ACTIVE_ARCH = YES;
				SDKROOT = iphoneos;
				SWIFT_ACTIVE_COMPILATION_CONDITIONS = "DEBUG $(inherited)";
				SWIFT_OPTIMIZATION_LEVEL = "-Onone";
			};
			name = Debug;
		};
		8F2AFBD82AFD6A4F009EEABE /* Release */ = {
			isa = XCBuildConfiguration;
			buildSettings = {
				ALWAYS_SEARCH_USER_PATHS = NO;
				ASSETCATALOG_COMPILER_GENERATE_SWIFT_ASSET_SYMBOL_EXTENSIONS = YES;
				CLANG_ANALYZER_NONNULL = YES;
				CLANG_ANALYZER_NUMBER_OBJECT_CONVERSION = YES_AGGRESSIVE;
				CLANG_CXX_LANGUAGE_STANDARD = "gnu++20";
				CLANG_ENABLE_MODULES = YES;
				CLANG_ENABLE_OBJC_ARC = YES;
				CLANG_ENABLE_OBJC_WEAK = YES;
				CLANG_WARN_BLOCK_CAPTURE_AUTORELEASING = YES;
				CLANG_WARN_BOOL_CONVERSION = YES;
				CLANG_WARN_COMMA = YES;
				CLANG_WARN_CONSTANT_CONVERSION = YES;
				CLANG_WARN_DEPRECATED_OBJC_IMPLEMENTATIONS = YES;
				CLANG_WARN_DIRECT_OBJC_ISA_USAGE = YES_ERROR;
				CLANG_WARN_DOCUMENTATION_COMMENTS = YES;
				CLANG_WARN_EMPTY_BODY = YES;
				CLANG_WARN_ENUM_CONVERSION = YES;
				CLANG_WARN_INFINITE_RECURSION = YES;
				CLANG_WARN_INT_CONVERSION = YES;
				CLANG_WARN_NON_LITERAL_NULL_CONVERSION = YES;
				CLANG_WARN_OBJC_IMPLICIT_RETAIN_SELF = YES;
				CLANG_WARN_OBJC_LITERAL_CONVERSION = YES;
				CLANG_WARN_OBJC_ROOT_CLASS = YES_ERROR;
				CLANG_WARN_QUOTED_INCLUDE_IN_FRAMEWORK_HEADER = YES;
				CLANG_WARN_RANGE_LOOP_ANALYSIS = YES;
				CLANG_WARN_STRICT_PROTOTYPES = YES;
				CLANG_WARN_SUSPICIOUS_MOVE = YES;
				CLANG_WARN_UNGUARDED_AVAILABILITY = YES_AGGRESSIVE;
				CLANG_WARN_UNREACHABLE_CODE = YES;
				CLANG_WARN__DUPLICATE_METHOD_MATCH = YES;
				COPY_PHASE_STRIP = NO;
				DEBUG_INFORMATION_FORMAT = "dwarf-with-dsym";
				ENABLE_NS_ASSERTIONS = NO;
				ENABLE_STRICT_OBJC_MSGSEND = YES;
				ENABLE_USER_SCRIPT_SANDBOXING = YES;
				GCC_C_LANGUAGE_STANDARD = gnu17;
				GCC_NO_COMMON_BLOCKS = YES;
				GCC_WARN_64_TO_32_BIT_CONVERSION = YES;
				GCC_WARN_ABOUT_RETURN_TYPE = YES_ERROR;
				GCC_WARN_UNDECLARED_SELECTOR = YES;
				GCC_WARN_UNINITIALIZED_AUTOS = YES_AGGRESSIVE;
				GCC_WARN_UNUSED_FUNCTION = YES;
				GCC_WARN_UNUSED_VARIABLE = YES;
				IPHONEOS_DEPLOYMENT_TARGET = 17.0;
				LOCALIZATION_PREFERS_STRING_CATALOGS = YES;
				MTL_ENABLE_DEBUG_INFO = NO;
				MTL_FAST_MATH = YES;
				SDKROOT = iphoneos;
				SWIFT_COMPILATION_MODE = wholemodule;
				VALIDATE_PRODUCT = YES;
			};
			name = Release;
		};
		8F2AFBDA2AFD6A4F009EEABE /* Debug */ = {
			isa = XCBuildConfiguration;
			buildSettings = {
				ASSETCATALOG_COMPILER_APPICON_NAME = AppIcon;
				ASSETCATALOG_COMPILER_GLOBAL_ACCENT_COLOR_NAME = AccentColor;
				CODE_SIGN_STYLE = Automatic;
				CURRENT_PROJECT_VERSION = 1;
				DEVELOPMENT_ASSET_PATHS = "\"aulaDocC/Preview Content\"";
				DEVELOPMENT_TEAM = D94U49X98V;
				ENABLE_PREVIEWS = YES;
				GENERATE_INFOPLIST_FILE = YES;
				INFOPLIST_KEY_UIApplicationSceneManifest_Generation = YES;
				INFOPLIST_KEY_UIApplicationSupportsIndirectInputEvents = YES;
				INFOPLIST_KEY_UILaunchScreen_Generation = YES;
				INFOPLIST_KEY_UISupportedInterfaceOrientations_iPad = "UIInterfaceOrientationPortrait UIInterfaceOrientationPortraitUpsideDown UIInterfaceOrientationLandscapeLeft UIInterfaceOrientationLandscapeRight";
				INFOPLIST_KEY_UISupportedInterfaceOrientations_iPhone = "UIInterfaceOrientationPortrait UIInterfaceOrientationLandscapeLeft UIInterfaceOrientationLandscapeRight";
				LD_RUNPATH_SEARCH_PATHS = (
					"$(inherited)",
					"@executable_path/Frameworks",
				);
				MARKETING_VERSION = 1.0;
				PRODUCT_BUNDLE_IDENTIFIER = thiagoliporace.aulaDocC;
				PRODUCT_NAME = "$(TARGET_NAME)";
				SWIFT_EMIT_LOC_STRINGS = YES;
				SWIFT_VERSION = 5.0;
				TARGETED_DEVICE_FAMILY = "1,2";
			};
			name = Debug;
		};
		8F2AFBDB2AFD6A4F009EEABE /* Release */ = {
			isa = XCBuildConfiguration;
			buildSettings = {
				ASSETCATALOG_COMPILER_APPICON_NAME = AppIcon;
				ASSETCATALOG_COMPILER_GLOBAL_ACCENT_COLOR_NAME = AccentColor;
				CODE_SIGN_STYLE = Automatic;
				CURRENT_PROJECT_VERSION = 1;
				DEVELOPMENT_ASSET_PATHS = "\"aulaDocC/Preview Content\"";
				DEVELOPMENT_TEAM = D94U49X98V;
				ENABLE_PREVIEWS = YES;
				GENERATE_INFOPLIST_FILE = YES;
				INFOPLIST_KEY_UIApplicationSceneManifest_Generation = YES;
				INFOPLIST_KEY_UIApplicationSupportsIndirectInputEvents = YES;
				INFOPLIST_KEY_UILaunchScreen_Generation = YES;
				INFOPLIST_KEY_UISupportedInterfaceOrientations_iPad = "UIInterfaceOrientationPortrait UIInterfaceOrientationPortraitUpsideDown UIInterfaceOrientationLandscapeLeft UIInterfaceOrientationLandscapeRight";
				INFOPLIST_KEY_UISupportedInterfaceOrientations_iPhone = "UIInterfaceOrientationPortrait UIInterfaceOrientationLandscapeLeft UIInterfaceOrientationLandscapeRight";
				LD_RUNPATH_SEARCH_PATHS = (
					"$(inherited)",
					"@executable_path/Frameworks",
				);
				MARKETING_VERSION = 1.0;
				PRODUCT_BUNDLE_IDENTIFIER = thiagoliporace.aulaDocC;
				PRODUCT_NAME = "$(TARGET_NAME)";
				SWIFT_EMIT_LOC_STRINGS = YES;
				SWIFT_VERSION = 5.0;
				TARGETED_DEVICE_FAMILY = "1,2";
			};
			name = Release;
		};
/* End XCBuildConfiguration section */

/* Begin XCConfigurationList section */
		8F2AFBC62AFD6A4E009EEABE /* Build configuration list for PBXProject "aulaDocC" */ = {
			isa = XCConfigurationList;
			buildConfigurations = (
				8F2AFBD72AFD6A4F009EEABE /* Debug */,
				8F2AFBD82AFD6A4F009EEABE /* Release */,
			);
			defaultConfigurationIsVisible = 0;
			defaultConfigurationName = Release;
		};
		8F2AFBD92AFD6A4F009EEABE /* Build configuration list for PBXNativeTarget "aulaDocC" */ = {
			isa = XCConfigurationList;
			buildConfigurations = (
				8F2AFBDA2AFD6A4F009EEABE /* Debug */,
				8F2AFBDB2AFD6A4F009EEABE /* Release */,
			);
			defaultConfigurationIsVisible = 0;
			defaultConfigurationName = Release;
		};
/* End XCConfigurationList section */
	};
	rootObject = 8F2AFBC32AFD6A4E009EEABE /* Project object */;
}
